# This file is automatically @generated by Cargo.
# It is not intended for manual editing.
version = 4

[[package]]
name = "week01-even-check"
version = "0.1.0"

[[package]]
name = "week01-if-condition-speed"
version = "0.1.0"

[[package]]
name = "week02-gus03"
version = "0.1.0"

[[package]]
name = "week02-print-name-age"
version = "0.1.0"

[[package]]
name = "week02-struct-function"
version = "0.1.0"

[[package]]
name = "week02-while-loop-counter"
version = "0.1.0"
